
Microsoft Visual Studio Solution File, Format Version 12.00
# Visual Studio 15
VisualStudioVersion = 15.0.28307.1622
MinimumVisualStudioVersion = 10.0.40219.1
Project("{FAE04EC0-301F-11D3-BF4B-00C04F79EFBC}") = "RGZ", "RGZ\RGZ.csproj", "{3639B8A7-0494-48BC-A8B1-77695C21AA7C}"
EndProject
Global
	GlobalSection(SolutionConfigurationPlatforms) = preSolution
		Debug|Any CPU = Debug|Any CPU
		Release|Any CPU = Release|Any CPU
	EndGlobalSection
	GlobalSection(ProjectConfigurationPlatforms) = postSolution
		{3639B8A7-0494-48BC-A8B1-77695C21AA7C}.Debug|Any CPU.ActiveCfg = Debug|Any CPU
		{3639B8A7-0494-48BC-A8B1-77695C21AA7C}.Debug|Any CPU.Build.0 = Debug|Any CPU
		{3639B8A7-0494-48BC-A8B1-77695C21AA7C}.Release|Any CPU.ActiveCfg = Release|Any CPU
		{3639B8A7-0494-48BC-A8B1-77695C21AA7C}.Release|Any CPU.Build.0 = Release|Any CPU
	EndGlobalSection
	GlobalSection(SolutionProperties) = preSolution
		HideSolutionNode = FALSE
	EndGlobalSection
	GlobalSection(ExtensibilityGlobals) = postSolution
		SolutionGuid = {A6A8C7DD-C8B3-4957-8C49-35E843F5AFE9}
	EndGlobalSection
EndGlobal
